{
  "requires": true,
  "lockfileVersion": 1,
  "dependencies": {
    "@dcloudio/uni-ui": {
      "version": "1.2.8",
      "resolved": "https://registry.npmjs.org/@dcloudio/uni-ui/-/uni-ui-1.2.8.tgz",
      "integrity": "sha512-d3y+S3bZkctciIfw3jHqK2G1jB7cHvwLL6y3lYNeq+cC8hw2whJWVto84K67soA4NqciNyrPfycAD9fNMDDqZw=="
    },
    "explain": {
      "version": "2.1.0",
      "resolved": "https://registry.npmjs.org/explain/-/explain-2.1.0.tgz",
      "integrity": "sha1-ZkKzcU6RQUHbthaU8a9wemXybW0="
    },
    "uview-ui": {
      "version": "1.8.2",
      "resolved": "https://registry.npmjs.org/uview-ui/-/uview-ui-1.8.2.tgz",
      "integrity": "sha512-6IfGC0ZzrgYhwloC57Ehg8pgStCg54WnjMGAN602AVOXBpxw14TwMDAVefKcw6LWJOLPNoh0zJAvWWX955YH8g=="
    },
    "vuex": {
      "version": "3.6.0",
      "resolved": "https://registry.npmjs.org/vuex/-/vuex-3.6.0.tgz",
      "integrity": "sha512-W74OO2vCJPs9/YjNjW8lLbj+jzT24waTo2KShI8jLvJW8OaIkgb3wuAMA7D+ZiUxDOx3ubwSZTaJBip9G8a3aQ=="
    }
  }
}
